
Microsoft Visual Studio Solution File, Format Version 12.00
# Visual Studio Version 17
VisualStudioVersion = 17.4.33110.190
MinimumVisualStudioVersion = 10.0.40219.1
Project("{8BC9CEB8-8B4A-11D0-8D11-00A0C91BC942}") = "5ASM", "5ASM.vcxproj", "{0B9E8563-CA34-4BA7-ADCA-B4F57FEAC5BA}"
EndProject
Global
	GlobalSection(SolutionConfigurationPlatforms) = preSolution
		Debug|x64 = Debug|x64
		Debug|x86 = Debug|x86
		Release|x64 = Release|x64
		Release|x86 = Release|x86
	EndGlobalSection
	GlobalSection(ProjectConfigurationPlatforms) = postSolution
		{0B9E8563-CA34-4BA7-ADCA-B4F57FEAC5BA}.Debug|x64.ActiveCfg = Debug|x64
		{0B9E8563-CA34-4BA7-ADCA-B4F57FEAC5BA}.Debug|x64.Build.0 = Debug|x64
		{0B9E8563-CA34-4BA7-ADCA-B4F57FEAC5BA}.Debug|x86.ActiveCfg = Debug|Win32
		{0B9E8563-CA34-4BA7-ADCA-B4F57FEAC5BA}.Debug|x86.Build.0 = Debug|Win32
		{0B9E8563-CA34-4BA7-ADCA-B4F57FEAC5BA}.Release|x64.ActiveCfg = Release|x64
		{0B9E8563-CA34-4BA7-ADCA-B4F57FEAC5BA}.Release|x64.Build.0 = Release|x64
		{0B9E8563-CA34-4BA7-ADCA-B4F57FEAC5BA}.Release|x86.ActiveCfg = Release|Win32
		{0B9E8563-CA34-4BA7-ADCA-B4F57FEAC5BA}.Release|x86.Build.0 = Release|Win32
	EndGlobalSection
	GlobalSection(SolutionProperties) = preSolution
		HideSolutionNode = FALSE
	EndGlobalSection
	GlobalSection(ExtensibilityGlobals) = postSolution
		SolutionGuid = {F74DA486-0506-421B-803D-FAC22628BE0C}
	EndGlobalSection
EndGlobal
